
Microsoft Visual Studio Solution File, Format Version 12.00
# Visual Studio Version 16
VisualStudioVersion = 16.0.32106.194
MinimumVisualStudioVersion = 10.0.40219.1
Project("{FAE04EC0-301F-11D3-BF4B-00C04F79EFBC}") = "Practica 2 - Tec Web", "Practica 2 - Tec Web\Practica 2 - Tec Web.csproj", "{2785DA7F-1298-445A-88F2-FCB3A750CEA9}"
EndProject
Project("{FAE04EC0-301F-11D3-BF4B-00C04F79EFBC}") = "Logic", "Logic\Logic.csproj", "{6B847E7E-D2E6-455B-AC45-E63C863E5AD7}"
EndProject
Global
	GlobalSection(SolutionConfigurationPlatforms) = preSolution
		Debug|Any CPU = Debug|Any CPU
		Release|Any CPU = Release|Any CPU
	EndGlobalSection
	GlobalSection(ProjectConfigurationPlatforms) = postSolution
		{2785DA7F-1298-445A-88F2-FCB3A750CEA9}.Debug|Any CPU.ActiveCfg = Debug|Any CPU
		{2785DA7F-1298-445A-88F2-FCB3A750CEA9}.Debug|Any CPU.Build.0 = Debug|Any CPU
		{2785DA7F-1298-445A-88F2-FCB3A750CEA9}.Release|Any CPU.ActiveCfg = Release|Any CPU
		{2785DA7F-1298-445A-88F2-FCB3A750CEA9}.Release|Any CPU.Build.0 = Release|Any CPU
		{6B847E7E-D2E6-455B-AC45-E63C863E5AD7}.Debug|Any CPU.ActiveCfg = Debug|Any CPU
		{6B847E7E-D2E6-455B-AC45-E63C863E5AD7}.Debug|Any CPU.Build.0 = Debug|Any CPU
		{6B847E7E-D2E6-455B-AC45-E63C863E5AD7}.Release|Any CPU.ActiveCfg = Release|Any CPU
		{6B847E7E-D2E6-455B-AC45-E63C863E5AD7}.Release|Any CPU.Build.0 = Release|Any CPU
	EndGlobalSection
	GlobalSection(SolutionProperties) = preSolution
		HideSolutionNode = FALSE
	EndGlobalSection
	GlobalSection(ExtensibilityGlobals) = postSolution
		SolutionGuid = {B10D9072-CB90-405A-AED0-709B1893FD53}
	EndGlobalSection
EndGlobal
